
Microsoft Visual Studio Solution File, Format Version 12.00
# Visual Studio Version 16
VisualStudioVersion = 16.0.32106.194
MinimumVisualStudioVersion = 10.0.40219.1
Project("{FAE04EC0-301F-11D3-BF4B-00C04F79EFBC}") = "030. kettoszamkozulanagyobbik", "030. kettoszamkozulanagyobbik\030. kettoszamkozulanagyobbik.csproj", "{8759C76F-51DD-4809-878E-22415E341971}"
EndProject
Global
	GlobalSection(SolutionConfigurationPlatforms) = preSolution
		Debug|Any CPU = Debug|Any CPU
		Release|Any CPU = Release|Any CPU
	EndGlobalSection
	GlobalSection(ProjectConfigurationPlatforms) = postSolution
		{8759C76F-51DD-4809-878E-22415E341971}.Debug|Any CPU.ActiveCfg = Debug|Any CPU
		{8759C76F-51DD-4809-878E-22415E341971}.Debug|Any CPU.Build.0 = Debug|Any CPU
		{8759C76F-51DD-4809-878E-22415E341971}.Release|Any CPU.ActiveCfg = Release|Any CPU
		{8759C76F-51DD-4809-878E-22415E341971}.Release|Any CPU.Build.0 = Release|Any CPU
	EndGlobalSection
	GlobalSection(SolutionProperties) = preSolution
		HideSolutionNode = FALSE
	EndGlobalSection
	GlobalSection(ExtensibilityGlobals) = postSolution
		SolutionGuid = {5B4216C6-E020-4429-BB77-99617DA546E8}
	EndGlobalSection
EndGlobal
